PODS:
  - Flutter (1.0.0)
  - image_picker_ios (0.0.1):
    - Flutter
  - libphonenumber_plugin (0.0.1):
    - Flutter
    - PhoneNumberKit
  - PhoneNumberKit (3.3.4):
    - PhoneNumberKit/PhoneNumberKitCore (= 3.3.4)
    - PhoneNumberKit/UIKit (= 3.3.4)
  - PhoneNumberKit/PhoneNumberKitCore (3.3.4)
  - PhoneNumberKit/UIKit (3.3.4):
    - PhoneNumberKit/PhoneNumberKitCore
  - shared_preferences_foundation (0.0.1):
    - Flutter
    - FlutterMacOS
  - url_launcher_ios (0.0.1):
    - Flutter

DEPENDENCIES:
  - Flutter (from `Flutter`)
  - image_picker_ios (from `.symlinks/plugins/image_picker_ios/ios`)
  - libphonenumber_plugin (from `.symlinks/plugins/libphonenumber_plugin/ios`)
  - PhoneNumberKit (= 3.3.4)
  - shared_preferences_foundation (from `.symlinks/plugins/shared_preferences_foundation/darwin`)
  - url_launcher_ios (from `.symlinks/plugins/url_launcher_ios/ios`)

SPEC REPOS:
  https://github.com/CocoaPods/Specs.git:
    - PhoneNumberKit

EXTERNAL SOURCES:
  Flutter:
    :path: Flutter
  image_picker_ios:
    :path: ".symlinks/plugins/image_picker_ios/ios"
  libphonenumber_plugin:
    :path: ".symlinks/plugins/libphonenumber_plugin/ios"
  shared_preferences_foundation:
    :path: ".symlinks/plugins/shared_preferences_foundation/darwin"
  url_launcher_ios:
    :path: ".symlinks/plugins/url_launcher_ios/ios"

SPEC CHECKSUMS:
  Flutter: e0871f40cf51350855a761d2e70bf5af5b9b5de7
  image_picker_ios: 7fe1ff8e34c1790d6fff70a32484959f563a928a
  libphonenumber_plugin: d134f173b22bfa5ede50887071f087f309277f8c
  PhoneNumberKit: 441e8b26ec88d598e3591de9061eff18f5dd12e8
  shared_preferences_foundation: 9e1978ff2562383bd5676f64ec4e9aa8fa06a6f7
  url_launcher_ios: 694010445543906933d732453a59da0a173ae33d

PODFILE CHECKSUM: be25fa4967cea16421a9dd40831ab668ec96da8b

COCOAPODS: 1.16.2
